<?xml version="1.0" encoding="UTF-8"?>
<CONFIG>
  <ProjectOptions>
    <Version Value="12"/>
    <General>
      <Flags>
        <MainUnitHasUsesSectionForAllUnits Value="False"/>
        <MainUnitHasCreateFormStatements Value="False"/>
        <MainUnitHasTitleStatement Value="False"/>
        <MainUnitHasScaledStatement Value="False"/>
        <CompatibilityMode Value="True"/>
      </Flags>
      <SessionStorage Value="InProjectDir"/>
      <Title Value="castle_model_viewer"/>
    </General>
    <BuildModes Count="2">
      <Item1 Name="Debug" Default="True"/>
      <Item2 Name="Release">
        <CompilerOptions>
          <Version Value="11"/>
          <Target>
            <Filename Value="castle-model-viewer"/>
          </Target>
          <SearchPaths>
            <IncludeFiles Value="code/;embedded_data/fonts/"/>
            <OtherUnitFiles Value="code/;embedded_data/fonts/"/>
            <UnitOutputDirectory Value="castle-engine-output/standalone/lazarus-lib/$(TargetCPU)-$(TargetOS)"/>
            <Libraries Value="" />
          </SearchPaths>
          <CodeGeneration>
            <SmartLinkUnit Value="True"/>
            <Checks>
              <IOChecks Value="True"/>
            </Checks>
            <Optimizations>
              <OptimizationLevel Value="2"/>
            </Optimizations>
          </CodeGeneration>
          <Linking>
            <Debugging>
              <GenerateDebugInfo Value="False"/>
              <RunWithoutDebug Value="True"/>
              <StripSymbols Value="True"/>
            </Debugging>
            <LinkSmart Value="True"/>
          </Linking>
          <Other>
            <Verbosity>
              <ShowHints Value="False"/>
            </Verbosity>
            <CustomOptions Value="-dRELEASE
-vm05063

"/>
          </Other>
        </CompilerOptions>
      </Item2>
    </BuildModes>
    <RequiredPackages Count="2">
      <Item1>
        <PackageName Value="castle_engine_window"/>
      </Item1>
      <Item2>
        <PackageName Value="castle_engine_base"/>
      </Item2>
    </RequiredPackages>
    <Units Count="43">
      <Unit0>
        <Filename Value="castle_model_viewer.dpr"/>
        <IsPartOfProject Value="True"/>
      </Unit0>
      <Unit1>
        <Filename Value="castleautogenerated.pas"/>
        <IsPartOfProject Value="True"/>
        <UnitName Value="castleautogenerated"/>
      </Unit1>
      <Unit2>
        <Filename Value="code/v3dsceneantialiasing.pas"/>
        <IsPartOfProject Value="True"/>
        <UnitName Value="v3dsceneantialiasing"/>
      </Unit2>
      <Unit3>
        <Filename Value="code/v3dscenebgcolors.pas"/>
        <IsPartOfProject Value="True"/>
        <UnitName Value="v3dscenebgcolors"/>
      </Unit3>
      <Unit4>
        <Filename Value="code/v3dsceneboxes.pas"/>
        <IsPartOfProject Value="True"/>
        <UnitName Value="v3dsceneboxes"/>
      </Unit4>
      <Unit5>
        <Filename Value="code/v3dscenecaptions.pas"/>
        <IsPartOfProject Value="True"/>
        <UnitName Value="v3dscenecaptions"/>
      </Unit5>
      <Unit6>
        <Filename Value="code/v3dsceneconf.inc"/>
        <IsPartOfProject Value="True"/>
      </Unit6>
      <Unit7>
        <Filename Value="code/v3dscenedialogbox.pas"/>
        <IsPartOfProject Value="True"/>
        <UnitName Value="v3dscenedialogbox"/>
      </Unit7>
      <Unit8>
        <Filename Value="code/v3dscenefillmode.pas"/>
        <IsPartOfProject Value="True"/>
        <UnitName Value="v3dscenefillmode"/>
      </Unit8>
      <Unit9>
        <Filename Value="code/v3dscenefonts.pas"/>
        <IsPartOfProject Value="True"/>
        <UnitName Value="v3dscenefonts"/>
      </Unit9>
      <Unit10>
        <Filename Value="code/v3dsceneimages.pas"/>
        <IsPartOfProject Value="True"/>
        <UnitName Value="v3dsceneimages"/>
      </Unit10>
      <Unit11>
        <Filename Value="code/v3dsceneinternalscenes.pas"/>
        <IsPartOfProject Value="True"/>
        <UnitName Value="v3dsceneinternalscenes"/>
      </Unit11>
      <Unit12>
        <Filename Value="code/v3dscenelights.pas"/>
        <IsPartOfProject Value="True"/>
        <UnitName Value="v3dscenelights"/>
      </Unit12>
      <Unit13>
        <Filename Value="code/v3dscenelightseditor.pas"/>
        <IsPartOfProject Value="True"/>
        <UnitName Value="v3dscenelightseditor"/>
      </Unit13>
      <Unit14>
        <Filename Value="code/v3dscenemiscconfig.pas"/>
        <IsPartOfProject Value="True"/>
        <UnitName Value="v3dscenemiscconfig"/>
      </Unit14>
      <Unit15>
        <Filename Value="code/v3dscenenamedanimations.pas"/>
        <IsPartOfProject Value="True"/>
        <UnitName Value="v3dscenenamedanimations"/>
      </Unit15>
      <Unit16>
        <Filename Value="code/v3dscenenavigationtypes.pas"/>
        <IsPartOfProject Value="True"/>
        <UnitName Value="v3dscenenavigationtypes"/>
      </Unit16>
      <Unit17>
        <Filename Value="code/v3dsceneoctreevisualize.pas"/>
        <IsPartOfProject Value="True"/>
        <UnitName Value="v3dsceneoctreevisualize"/>
      </Unit17>
      <Unit18>
        <Filename Value="code/v3dsceneopaqueimages.pas"/>
        <IsPartOfProject Value="True"/>
        <UnitName Value="v3dsceneopaqueimages"/>
      </Unit18>
      <Unit19>
        <Filename Value="code/v3dsceneraytrace.pas"/>
        <IsPartOfProject Value="True"/>
        <UnitName Value="v3dsceneraytrace"/>
      </Unit19>
      <Unit20>
        <Filename Value="code/v3dscenescenechanges.pas"/>
        <IsPartOfProject Value="True"/>
        <UnitName Value="v3dscenescenechanges"/>
      </Unit20>
      <Unit21>
        <Filename Value="code/v3dscenescreeneffects.pas"/>
        <IsPartOfProject Value="True"/>
        <UnitName Value="v3dscenescreeneffects"/>
      </Unit21>
      <Unit22>
        <Filename Value="code/v3dscenescreenshot.pas"/>
        <IsPartOfProject Value="True"/>
        <UnitName Value="v3dscenescreenshot"/>
      </Unit22>
      <Unit23>
        <Filename Value="code/v3dsceneshadows.pas"/>
        <IsPartOfProject Value="True"/>
        <UnitName Value="v3dsceneshadows"/>
      </Unit23>
      <Unit24>
        <Filename Value="code/v3dsceneskeletonvisualize.pas"/>
        <IsPartOfProject Value="True"/>
        <UnitName Value="v3dsceneskeletonvisualize"/>
      </Unit24>
      <Unit25>
        <Filename Value="code/v3dscenestatus.pas"/>
        <IsPartOfProject Value="True"/>
        <UnitName Value="v3dscenestatus"/>
      </Unit25>
      <Unit26>
        <Filename Value="code/v3dscenetexturefilters.pas"/>
        <IsPartOfProject Value="True"/>
        <UnitName Value="v3dscenetexturefilters"/>
      </Unit26>
      <Unit27>
        <Filename Value="code/v3dsceneversion.pas"/>
        <IsPartOfProject Value="True"/>
        <UnitName Value="v3dsceneversion"/>
      </Unit27>
      <Unit28>
        <Filename Value="code/v3dsceneviewpoints.pas"/>
        <IsPartOfProject Value="True"/>
        <UnitName Value="v3dsceneviewpoints"/>
      </Unit28>
      <Unit29>
        <Filename Value="code/v3dsceneviewports.pas"/>
        <IsPartOfProject Value="True"/>
        <UnitName Value="v3dsceneviewports"/>
      </Unit29>
      <Unit30>
        <Filename Value="code/v3dscenewarnings.pas"/>
        <IsPartOfProject Value="True"/>
        <UnitName Value="v3dscenewarnings"/>
      </Unit30>
      <Unit31>
        <Filename Value="code/v3dscenewindow.pas"/>
        <IsPartOfProject Value="True"/>
        <UnitName Value="v3dscenewindow"/>
      </Unit31>
      <Unit32>
        <Filename Value="embedded_data/fonts/castletexturefont_default3d_mono.pas"/>
        <IsPartOfProject Value="True"/>
        <UnitName Value="castletexturefont_default3d_mono"/>
      </Unit32>
      <Unit33>
        <Filename Value="embedded_data/fonts/castletexturefont_default3d_monob.pas"/>
        <IsPartOfProject Value="True"/>
        <UnitName Value="castletexturefont_default3d_monob"/>
      </Unit33>
      <Unit34>
        <Filename Value="embedded_data/fonts/castletexturefont_default3d_monobi.pas"/>
        <IsPartOfProject Value="True"/>
        <UnitName Value="castletexturefont_default3d_monobi"/>
      </Unit34>
      <Unit35>
        <Filename Value="embedded_data/fonts/castletexturefont_default3d_monoi.pas"/>
        <IsPartOfProject Value="True"/>
        <UnitName Value="castletexturefont_default3d_monoi"/>
      </Unit35>
      <Unit36>
        <Filename Value="embedded_data/fonts/castletexturefont_default3d_sansb.pas"/>
        <IsPartOfProject Value="True"/>
        <UnitName Value="castletexturefont_default3d_sansb"/>
      </Unit36>
      <Unit37>
        <Filename Value="embedded_data/fonts/castletexturefont_default3d_sansbi.pas"/>
        <IsPartOfProject Value="True"/>
        <UnitName Value="castletexturefont_default3d_sansbi"/>
      </Unit37>
      <Unit38>
        <Filename Value="embedded_data/fonts/castletexturefont_default3d_sansi.pas"/>
        <IsPartOfProject Value="True"/>
        <UnitName Value="castletexturefont_default3d_sansi"/>
      </Unit38>
      <Unit39>
        <Filename Value="embedded_data/fonts/castletexturefont_default3d_serif.pas"/>
        <IsPartOfProject Value="True"/>
        <UnitName Value="castletexturefont_default3d_serif"/>
      </Unit39>
      <Unit40>
        <Filename Value="embedded_data/fonts/castletexturefont_default3d_serifb.pas"/>
        <IsPartOfProject Value="True"/>
        <UnitName Value="castletexturefont_default3d_serifb"/>
      </Unit40>
      <Unit41>
        <Filename Value="embedded_data/fonts/castletexturefont_default3d_serifbi.pas"/>
        <IsPartOfProject Value="True"/>
        <UnitName Value="castletexturefont_default3d_serifbi"/>
      </Unit41>
      <Unit42>
        <Filename Value="embedded_data/fonts/castletexturefont_default3d_serifi.pas"/>
        <IsPartOfProject Value="True"/>
        <UnitName Value="castletexturefont_default3d_serifi"/>
      </Unit42>
    </Units>
  </ProjectOptions>
  <CompilerOptions>
    <Version Value="11"/>
    <Target>
      <Filename Value="castle-model-viewer"/>
    </Target>
    <SearchPaths>
      <IncludeFiles Value="code/;embedded_data/fonts/"/>
      <OtherUnitFiles Value="code/;embedded_data/fonts/"/>
      <UnitOutputDirectory Value="castle-engine-output/standalone/lazarus-lib/$(TargetCPU)-$(TargetOS)"/>
      <Libraries Value="" />
    </SearchPaths>
    <Parsing>
      <SyntaxOptions>
        <IncludeAssertionCode Value="True"/>
      </SyntaxOptions>
    </Parsing>
    <CodeGeneration>
      <Checks>
        <IOChecks Value="True"/>
        <RangeChecks Value="True"/>
        <OverflowChecks Value="True"/>
        <StackChecks Value="True"/>
      </Checks>
      <VerifyObjMethodCallValidity Value="True"/>
    </CodeGeneration>
    <Linking>
      <Debugging>
      </Debugging>
    </Linking>
    <Other>
      <Verbosity>
        <ShowHints Value="False"/>
      </Verbosity>
      <CustomOptions Value="-dDEBUG
-vm05063

"/>
    </Other>
  </CompilerOptions>
  <Debugging>
    <Exceptions Count="3">
      <Item1>
        <Name Value="EAbort"/>
      </Item1>
      <Item2>
        <Name Value="ECodetoolError"/>
      </Item2>
      <Item3>
        <Name Value="EFOpenError"/>
      </Item3>
    </Exceptions>
  </Debugging>
</CONFIG>
