<?xml version="1.0"?>
<CONFIG>
  <ProjectOptions>
    <Version Value="7"/>
    <General>
      <Flags>
        <MainUnitHasUsesSectionForAllUnits Value="False"/>
        <MainUnitHasCreateFormStatements Value="False"/>
        <MainUnitHasTitleStatement Value="False"/>
        <LRSInOutputDirectory Value="False"/>
      </Flags>
      <MainUnit Value="0"/>
      <TargetFileExt Value=""/>
      <ActiveEditorIndexAtStart Value="0"/>
    </General>
    <VersionInfo>
      <ProjectVersion Value=""/>
      <Language Value=""/>
      <CharSet Value=""/>
    </VersionInfo>
    <PublishOptions>
      <Version Value="2"/>
      <IgnoreBinaries Value="False"/>
      <IncludeFileFilter Value="*.(pas|pp|inc|lfm|lpr|lrs|lpi|lpk|sh|xml)"/>
      <ExcludeFileFilter Value="*.(bak|ppu|ppw|o|so);*~;backup"/>
    </PublishOptions>
    <RunParams>
      <local>
        <FormatVersion Value="1"/>
        <LaunchingApplication PathPlusParams="/usr/X11R6/bin/xterm -T 'Lazarus Run Output' -e $(LazarusDir)/tools/runwait.sh $(TargetCmdLine)"/>
      </local>
    </RunParams>
    <RequiredPackages Count="2">
      <Item1>
        <PackageName Value="castle_window"/>
      </Item1>
      <Item2>
        <PackageName Value="castle_base"/>
      </Item2>
    </RequiredPackages>
    <Units Count="12">
      <Unit0>
        <Filename Value="view3dscene.lpr"/>
        <IsPartOfProject Value="True"/>
        <CursorPos X="55" Y="3136"/>
        <TopLine Value="3129"/>
        <EditorIndex Value="0"/>
        <UsageCount Value="26"/>
        <Loaded Value="True"/>
      </Unit0>
      <Unit1>
        <Filename Value="welcome_scene.inc"/>
        <IsPartOfProject Value="True"/>
        <UsageCount Value="26"/>
      </Unit1>
      <Unit2>
        <Filename Value="bgcolors.pas"/>
        <IsPartOfProject Value="True"/>
        <UsageCount Value="26"/>
      </Unit2>
      <Unit3>
        <Filename Value="clear_scene.inc"/>
        <IsPartOfProject Value="True"/>
        <UsageCount Value="26"/>
      </Unit3>
      <Unit4>
        <Filename Value="colormodulators.pas"/>
        <IsPartOfProject Value="True"/>
        <UsageCount Value="26"/>
      </Unit4>
      <Unit5>
        <Filename Value="v3dsceneallcameras.pas"/>
        <IsPartOfProject Value="True"/>
        <UsageCount Value="26"/>
      </Unit5>
      <Unit6>
        <Filename Value="raytracetowindow.pas"/>
        <IsPartOfProject Value="True"/>
        <UsageCount Value="26"/>
      </Unit6>
      <Unit7>
        <Filename Value="scenechangesunit.pas"/>
        <IsPartOfProject Value="True"/>
        <UsageCount Value="26"/>
      </Unit7>
      <Unit8>
        <Filename Value="texturefilters.pas"/>
        <IsPartOfProject Value="True"/>
        <UnitName Value="TextureFilters"/>
        <CursorPos X="5" Y="29"/>
        <TopLine Value="15"/>
        <UsageCount Value="26"/>
      </Unit8>
      <Unit9>
        <Filename Value="v3dsceneblending.pas"/>
        <IsPartOfProject Value="True"/>
        <UsageCount Value="26"/>
      </Unit9>
      <Unit10>
        <Filename Value="v3dscenecamera.pas"/>
        <IsPartOfProject Value="True"/>
        <UsageCount Value="26"/>
      </Unit10>
      <Unit11>
        <Filename Value="v3dsceneconfig.pas"/>
        <IsPartOfProject Value="True"/>
        <UsageCount Value="26"/>
      </Unit11>
      <Unit12>
        <Filename Value="v3dscenelights.pas"/>
        <IsPartOfProject Value="True"/>
        <UnitName Value="V3DSceneLights"/>
        <CursorPos X="38" Y="114"/>
        <TopLine Value="96"/>
        <UsageCount Value="26"/>
      </Unit12>
    </Units>
    <JumpHistory Count="1" HistoryIndex="0">
      <Position1>
        <Filename Value="view3dscene.lpr"/>
        <Caret Line="3173" Column="26" TopLine="3165"/>
      </Position1>
    </JumpHistory>
  </ProjectOptions>
  <CompilerOptions>
    <Version Value="8"/>
    <SearchPaths>
      <IncludeFiles Value="../castle_game_engine/src/base"/>
    </SearchPaths>
    <Parsing>
      <SyntaxOptions>
        <IncludeAssertionCode Value="True"/>
        <CStyleMacros Value="True"/>
        <UseAnsiStrings Value="True"/>
      </SyntaxOptions>
    </Parsing>
    <CodeGeneration>
      <Checks>
        <IOChecks Value="True"/>
        <RangeChecks Value="True"/>
        <OverflowChecks Value="True"/>
        <StackChecks Value="True"/>
      </Checks>
      <Optimizations>
        <OptimizationLevel Value="0"/>
      </Optimizations>
    </CodeGeneration>
    <Linking>
      <Debugging>
        <GenerateDebugInfo Value="True"/>
        <UseHeaptrc Value="True"/>
      </Debugging>
    </Linking>
    <Other>
      <Verbosity>
        <ShowHints Value="False"/>
      </Verbosity>
      <CustomOptions Value="-Sh"/>
      <CompilerPath Value="$(CompPath)"/>
    </Other>
  </CompilerOptions>
  <Debugging>
    <BreakPoints Count="1">
      <Item1>
        <Source Value="../castle_game_engine/vrml/opengl/vrmltexturerenderer.inc"/>
        <Line Value="0"/>
      </Item1>
    </BreakPoints>
    <Exceptions Count="7">
      <Item1>
        <Name Value="ECodetoolError"/>
      </Item1>
      <Item2>
        <Name Value="EFOpenError"/>
      </Item2>
      <Item3>
        <Name Value="BreakTryFindNode"/>
      </Item3>
      <Item4>
        <Name Value="BreakIsNodePresent"/>
      </Item4>
      <Item5>
        <Name Value="BreakTransformChangeSuccess"/>
      </Item5>
      <Item6>
        <Name Value="ERouteSetEndingError"/>
      </Item6>
      <Item7>
        <Name Value="BreakTransformChangeFailed"/>
      </Item7>
    </Exceptions>
  </Debugging>
</CONFIG>
