<?xml version="1.0"?>
<CONFIG>
  <ProjectOptions>
    <PathDelim Value="/"/>
    <Version Value="5"/>
    <General>
      <Flags>
        <MainUnitHasUsesSectionForAllUnits Value="False"/>
        <MainUnitHasCreateFormStatements Value="False"/>
        <MainUnitHasTitleStatement Value="False"/>
      </Flags>
      <MainUnit Value="0"/>
      <TargetFileExt Value=""/>
      <ActiveEditorIndexAtStart Value="0"/>
    </General>
    <VersionInfo>
      <ProjectVersion Value=""/>
      <Language Value=""/>
      <CharSet Value=""/>
    </VersionInfo>
    <PublishOptions>
      <Version Value="2"/>
      <IgnoreBinaries Value="False"/>
      <IncludeFileFilter Value="*.(pas|pp|inc|lfm|lpr|lrs|lpi|lpk|sh|xml)"/>
      <ExcludeFileFilter Value="*.(bak|ppu|ppw|o|so);*~;backup"/>
    </PublishOptions>
    <RunParams>
      <local>
        <FormatVersion Value="1"/>
        <LaunchingApplication PathPlusParams="/usr/X11R6/bin/xterm -T 'Lazarus Run Output' -e $(LazarusDir)/tools/runwait.sh $(TargetCmdLine)"/>
      </local>
    </RunParams>
    <RequiredPackages Count="3">
      <Item1>
        <PackageName Value="kambi_glwindow_navigated"/>
      </Item1>
      <Item2>
        <PackageName Value="kambi_glwindow"/>
      </Item2>
      <Item3>
        <PackageName Value="kambi_units"/>
      </Item3>
    </RequiredPackages>
    <Units Count="18">
      <Unit0>
        <Filename Value="view3dscene.dpr"/>
        <IsPartOfProject Value="True"/>
        <CursorPos X="1" Y="1"/>
        <TopLine Value="1"/>
        <EditorIndex Value="0"/>
        <UsageCount Value="20"/>
        <Loaded Value="True"/>
      </Unit0>
      <Unit1>
        <Filename Value="welcome_scene.inc"/>
        <IsPartOfProject Value="True"/>
        <UsageCount Value="20"/>
        <SyntaxHighlighter Value="Text"/>
      </Unit1>
      <Unit2>
        <Filename Value="bgcolors.pas"/>
        <IsPartOfProject Value="True"/>
        <UsageCount Value="20"/>
        <SyntaxHighlighter Value="Text"/>
      </Unit2>
      <Unit3>
        <Filename Value="clear_scene.inc"/>
        <IsPartOfProject Value="True"/>
        <UsageCount Value="20"/>
        <SyntaxHighlighter Value="Text"/>
      </Unit3>
      <Unit4>
        <Filename Value="colormodulators.pas"/>
        <IsPartOfProject Value="True"/>
        <UsageCount Value="20"/>
        <SyntaxHighlighter Value="Text"/>
      </Unit4>
      <Unit5>
        <Filename Value="multinavigators.pas"/>
        <IsPartOfProject Value="True"/>
        <UsageCount Value="20"/>
        <SyntaxHighlighter Value="Text"/>
      </Unit5>
      <Unit6>
        <Filename Value="raytracetowindow.pas"/>
        <IsPartOfProject Value="True"/>
        <UsageCount Value="20"/>
        <SyntaxHighlighter Value="Text"/>
      </Unit6>
      <Unit7>
        <Filename Value="scenechangesunit.pas"/>
        <IsPartOfProject Value="True"/>
        <UsageCount Value="20"/>
        <SyntaxHighlighter Value="Text"/>
      </Unit7>
      <Unit8>
        <Filename Value="texturefilters.pas"/>
        <IsPartOfProject Value="True"/>
        <UnitName Value="TextureFilters"/>
        <CursorPos X="5" Y="29"/>
        <TopLine Value="15"/>
        <UsageCount Value="20"/>
      </Unit8>
      <Unit9>
        <Filename Value="v3dsceneblending.pas"/>
        <IsPartOfProject Value="True"/>
        <UsageCount Value="20"/>
        <SyntaxHighlighter Value="Text"/>
      </Unit9>
      <Unit10>
        <Filename Value="v3dscenecamera.pas"/>
        <IsPartOfProject Value="True"/>
        <UsageCount Value="20"/>
        <SyntaxHighlighter Value="Text"/>
      </Unit10>
      <Unit11>
        <Filename Value="v3dsceneconfig.pas"/>
        <IsPartOfProject Value="True"/>
        <UsageCount Value="20"/>
        <SyntaxHighlighter Value="Text"/>
      </Unit11>
      <Unit12>
        <Filename Value="v3dscenelights.pas"/>
        <IsPartOfProject Value="True"/>
        <UnitName Value="V3DSceneLights"/>
        <CursorPos X="38" Y="114"/>
        <TopLine Value="96"/>
        <UsageCount Value="20"/>
      </Unit12>
      <Unit13>
        <Filename Value="../kambi_vrml_game_engine/opengl/glwindow.pas"/>
        <UnitName Value="GLWindow"/>
        <CursorPos X="27" Y="735"/>
        <TopLine Value="721"/>
        <UsageCount Value="10"/>
      </Unit13>
      <Unit14>
        <Filename Value="../kambi_vrml_game_engine/packages/unix/kambi_units.pas"/>
        <UnitName Value="kambi_units"/>
        <CursorPos X="3" Y="10"/>
        <TopLine Value="1"/>
        <UsageCount Value="10"/>
      </Unit14>
      <Unit15>
        <Filename Value="../kambi_vrml_game_engine/3dgraph/backgroundbase.pas"/>
        <UnitName Value="BackgroundBase"/>
        <CursorPos X="1" Y="1"/>
        <TopLine Value="1"/>
        <UsageCount Value="10"/>
      </Unit15>
      <Unit16>
        <Filename Value="../kambi_vrml_game_engine/opengl/glwinmessages.pas"/>
        <UnitName Value="GLWinMessages"/>
        <CursorPos X="30" Y="1095"/>
        <TopLine Value="1079"/>
        <UsageCount Value="10"/>
      </Unit16>
      <Unit17>
        <Filename Value="../kambi_vrml_game_engine/3dmodels/vrmlfields.pas"/>
        <UnitName Value="VRMLFields"/>
        <CursorPos X="60" Y="219"/>
        <TopLine Value="196"/>
        <UsageCount Value="10"/>
      </Unit17>
    </Units>
    <JumpHistory Count="3" HistoryIndex="2">
      <Position1>
        <Filename Value="view3dscene.dpr"/>
        <Caret Line="16" Column="59" TopLine="58"/>
      </Position1>
      <Position2>
        <Filename Value="view3dscene.dpr"/>
        <Caret Line="991" Column="1" TopLine="977"/>
      </Position2>
      <Position3>
        <Filename Value="view3dscene.dpr"/>
        <Caret Line="467" Column="28" TopLine="453"/>
      </Position3>
    </JumpHistory>
  </ProjectOptions>
  <CompilerOptions>
    <Version Value="5"/>
    <Parsing>
      <SyntaxOptions>
        <IncludeAssertionCode Value="True"/>
        <CStyleMacros Value="True"/>
        <UseAnsiStrings Value="True"/>
      </SyntaxOptions>
    </Parsing>
    <CodeGeneration>
      <Checks>
        <IOChecks Value="True"/>
        <RangeChecks Value="True"/>
        <OverflowChecks Value="True"/>
        <StackChecks Value="True"/>
      </Checks>
      <Generate Value="Faster"/>
    </CodeGeneration>
    <Linking>
      <Debugging>
        <GenerateDebugInfo Value="True"/>
        <UseHeaptrc Value="True"/>
      </Debugging>
    </Linking>
    <Other>
      <CompilerPath Value="$(CompPath)"/>
    </Other>
  </CompilerOptions>
  <Debugging>
    <Exceptions Count="2">
      <Item1>
        <Name Value="ECodetoolError"/>
      </Item1>
      <Item2>
        <Name Value="EFOpenError"/>
      </Item2>
    </Exceptions>
  </Debugging>
</CONFIG>
