<?xml version="1.0"?>
<CONFIG>
  <ProjectOptions>
    <PathDelim Value="/"/>
    <Version Value="6"/>
    <General>
      <Flags>
        <MainUnitHasUsesSectionForAllUnits Value="False"/>
        <MainUnitHasCreateFormStatements Value="False"/>
        <MainUnitHasTitleStatement Value="False"/>
      </Flags>
      <MainUnit Value="0"/>
      <IconPath Value="./"/>
      <TargetFileExt Value=""/>
      <ActiveEditorIndexAtStart Value="0"/>
    </General>
    <VersionInfo>
      <ProjectVersion Value=""/>
      <Language Value=""/>
      <CharSet Value=""/>
    </VersionInfo>
    <PublishOptions>
      <Version Value="2"/>
      <IgnoreBinaries Value="False"/>
      <IncludeFileFilter Value="*.(pas|pp|inc|lfm|lpr|lrs|lpi|lpk|sh|xml)"/>
      <ExcludeFileFilter Value="*.(bak|ppu|ppw|o|so);*~;backup"/>
    </PublishOptions>
    <RunParams>
      <local>
        <FormatVersion Value="1"/>
        <CommandLineParams Value="/home/michalis/3dmodels/x3d/cic.nist.gov/AISC_Sculpture.x3d"/>
        <LaunchingApplication PathPlusParams="/usr/X11R6/bin/xterm -T 'Lazarus Run Output' -e $(LazarusDir)/tools/runwait.sh $(TargetCmdLine)"/>
      </local>
    </RunParams>
    <RequiredPackages Count="3">
      <Item1>
        <PackageName Value="kambi_glwindow_navigated"/>
      </Item1>
      <Item2>
        <PackageName Value="kambi_glwindow"/>
      </Item2>
      <Item3>
        <PackageName Value="kambi_units"/>
      </Item3>
    </RequiredPackages>
    <Units Count="30">
      <Unit0>
        <Filename Value="view3dscene.pasprogram"/>
        <IsPartOfProject Value="True"/>
        <CursorPos X="37" Y="3169"/>
        <TopLine Value="3165"/>
        <EditorIndex Value="0"/>
        <UsageCount Value="24"/>
        <Loaded Value="True"/>
      </Unit0>
      <Unit1>
        <Filename Value="welcome_scene.inc"/>
        <IsPartOfProject Value="True"/>
        <UsageCount Value="24"/>
      </Unit1>
      <Unit2>
        <Filename Value="bgcolors.pas"/>
        <IsPartOfProject Value="True"/>
        <UsageCount Value="24"/>
      </Unit2>
      <Unit3>
        <Filename Value="clear_scene.inc"/>
        <IsPartOfProject Value="True"/>
        <UsageCount Value="24"/>
      </Unit3>
      <Unit4>
        <Filename Value="colormodulators.pas"/>
        <IsPartOfProject Value="True"/>
        <UsageCount Value="24"/>
      </Unit4>
      <Unit5>
        <Filename Value="multinavigators.pas"/>
        <IsPartOfProject Value="True"/>
        <UsageCount Value="24"/>
      </Unit5>
      <Unit6>
        <Filename Value="raytracetowindow.pas"/>
        <IsPartOfProject Value="True"/>
        <UsageCount Value="24"/>
      </Unit6>
      <Unit7>
        <Filename Value="scenechangesunit.pas"/>
        <IsPartOfProject Value="True"/>
        <UsageCount Value="24"/>
      </Unit7>
      <Unit8>
        <Filename Value="texturefilters.pas"/>
        <IsPartOfProject Value="True"/>
        <UnitName Value="TextureFilters"/>
        <CursorPos X="5" Y="29"/>
        <TopLine Value="15"/>
        <UsageCount Value="24"/>
      </Unit8>
      <Unit9>
        <Filename Value="v3dsceneblending.pas"/>
        <IsPartOfProject Value="True"/>
        <UsageCount Value="24"/>
      </Unit9>
      <Unit10>
        <Filename Value="v3dscenecamera.pas"/>
        <IsPartOfProject Value="True"/>
        <UsageCount Value="24"/>
      </Unit10>
      <Unit11>
        <Filename Value="v3dsceneconfig.pas"/>
        <IsPartOfProject Value="True"/>
        <UsageCount Value="24"/>
      </Unit11>
      <Unit12>
        <Filename Value="v3dscenelights.pas"/>
        <IsPartOfProject Value="True"/>
        <UnitName Value="V3DSceneLights"/>
        <CursorPos X="38" Y="114"/>
        <TopLine Value="96"/>
        <UsageCount Value="24"/>
      </Unit12>
      <Unit13>
        <Filename Value="../kambi_vrml_game_engine/opengl/glwindow.pas"/>
        <UnitName Value="GLWindow"/>
        <CursorPos X="1" Y="1"/>
        <TopLine Value="1"/>
        <UsageCount Value="11"/>
      </Unit13>
      <Unit14>
        <Filename Value="../kambi_vrml_game_engine/packages/unix/kambi_units.pas"/>
        <UnitName Value="kambi_units"/>
        <CursorPos X="3" Y="10"/>
        <TopLine Value="1"/>
        <UsageCount Value="10"/>
      </Unit14>
      <Unit15>
        <Filename Value="../kambi_vrml_game_engine/3dgraph/backgroundbase.pas"/>
        <UnitName Value="BackgroundBase"/>
        <CursorPos X="1" Y="1"/>
        <TopLine Value="1"/>
        <UsageCount Value="10"/>
      </Unit15>
      <Unit16>
        <Filename Value="../kambi_vrml_game_engine/opengl/glwinmessages.pas"/>
        <UnitName Value="GLWinMessages"/>
        <CursorPos X="30" Y="1095"/>
        <TopLine Value="1079"/>
        <UsageCount Value="10"/>
      </Unit16>
      <Unit17>
        <Filename Value="../kambi_vrml_game_engine/3dmodels/vrmlfields.pas"/>
        <UnitName Value="VRMLFields"/>
        <CursorPos X="60" Y="219"/>
        <TopLine Value="196"/>
        <UsageCount Value="10"/>
      </Unit17>
      <Unit18>
        <Filename Value="../kambi_vrml_game_engine/base/kambilog.pas"/>
        <UnitName Value="KambiLog"/>
        <CursorPos X="50" Y="120"/>
        <TopLine Value="75"/>
        <UsageCount Value="11"/>
      </Unit18>
      <Unit19>
        <Filename Value="../kambi_vrml_game_engine/packages/unix/kambi_glwindow.pas"/>
        <UnitName Value="kambi_glwindow"/>
        <CursorPos X="1" Y="1"/>
        <TopLine Value="1"/>
        <UsageCount Value="10"/>
      </Unit19>
      <Unit20>
        <Filename Value="../kambi_vrml_game_engine/3dmodels.gl/vrmlglanimation.pas"/>
        <UnitName Value="VRMLGLAnimation"/>
        <CursorPos X="1" Y="854"/>
        <TopLine Value="831"/>
        <UsageCount Value="10"/>
      </Unit20>
      <Unit21>
        <Filename Value="../kambi_vrml_game_engine/3dmodels/x3d_grouping.inc"/>
        <CursorPos X="42" Y="254"/>
        <TopLine Value="245"/>
        <UsageCount Value="10"/>
      </Unit21>
      <Unit22>
        <Filename Value="../kambi_vrml_game_engine/base/templates/objectslist_3.inc"/>
        <CursorPos X="1" Y="208"/>
        <TopLine Value="185"/>
        <UsageCount Value="10"/>
      </Unit22>
      <Unit23>
        <Filename Value="../kambi_vrml_game_engine/3dmodels.gl/vrmlglscene.pas"/>
        <UnitName Value="VRMLGLScene"/>
        <CursorPos X="1" Y="1179"/>
        <TopLine Value="1156"/>
        <UsageCount Value="10"/>
      </Unit23>
      <Unit24>
        <Filename Value="../kambi_vrml_game_engine/3dmodels/x3dxmltovrml.pas"/>
        <UnitName Value="X3DXmlToVRML"/>
        <CursorPos X="1" Y="259"/>
        <TopLine Value="230"/>
        <UsageCount Value="10"/>
      </Unit24>
      <Unit25>
        <Filename Value="../kambi_vrml_game_engine/base/kambidynlib.pas"/>
        <UnitName Value="KambiDynLib"/>
        <CursorPos X="32" Y="200"/>
        <TopLine Value="186"/>
        <UsageCount Value="10"/>
      </Unit25>
      <Unit26>
        <Filename Value="../kambi_vrml_game_engine/base/kambiutils.pas"/>
        <UnitName Value="KambiUtils"/>
        <CursorPos X="1" Y="1"/>
        <TopLine Value="1"/>
        <UsageCount Value="10"/>
      </Unit26>
      <Unit27>
        <Filename Value="../kambi_vrml_game_engine/base/kambistringutils.pas"/>
        <UnitName Value="KambiStringUtils"/>
        <CursorPos X="23" Y="605"/>
        <TopLine Value="591"/>
        <UsageCount Value="10"/>
      </Unit27>
      <Unit28>
        <Filename Value="../kambi_vrml_game_engine/opengl/opengltypes.inc"/>
        <CursorPos X="25" Y="348"/>
        <TopLine Value="334"/>
        <UsageCount Value="10"/>
      </Unit28>
      <Unit29>
        <Filename Value="../kambi_vrml_game_engine/3dmodels/vrmlnodes.pas"/>
        <UnitName Value="VRMLNodes"/>
        <CursorPos X="1" Y="7179"/>
        <TopLine Value="7165"/>
        <UsageCount Value="10"/>
      </Unit29>
    </Units>
    <JumpHistory Count="25" HistoryIndex="24">
      <Position1>
        <Filename Value="view3dscene.pasprogram"/>
        <Caret Line="3115" Column="1" TopLine="3101"/>
      </Position1>
      <Position2>
        <Filename Value="view3dscene.pasprogram"/>
        <Caret Line="3116" Column="1" TopLine="3102"/>
      </Position2>
      <Position3>
        <Filename Value="view3dscene.pasprogram"/>
        <Caret Line="3118" Column="1" TopLine="3104"/>
      </Position3>
      <Position4>
        <Filename Value="view3dscene.pasprogram"/>
        <Caret Line="3121" Column="1" TopLine="3107"/>
      </Position4>
      <Position5>
        <Filename Value="view3dscene.pasprogram"/>
        <Caret Line="3123" Column="1" TopLine="3109"/>
      </Position5>
      <Position6>
        <Filename Value="view3dscene.pasprogram"/>
        <Caret Line="3124" Column="1" TopLine="3110"/>
      </Position6>
      <Position7>
        <Filename Value="view3dscene.pasprogram"/>
        <Caret Line="3127" Column="1" TopLine="3113"/>
      </Position7>
      <Position8>
        <Filename Value="view3dscene.pasprogram"/>
        <Caret Line="3132" Column="1" TopLine="3118"/>
      </Position8>
      <Position9>
        <Filename Value="view3dscene.pasprogram"/>
        <Caret Line="3133" Column="1" TopLine="3119"/>
      </Position9>
      <Position10>
        <Filename Value="view3dscene.pasprogram"/>
        <Caret Line="3134" Column="1" TopLine="3120"/>
      </Position10>
      <Position11>
        <Filename Value="view3dscene.pasprogram"/>
        <Caret Line="3135" Column="1" TopLine="3121"/>
      </Position11>
      <Position12>
        <Filename Value="view3dscene.pasprogram"/>
        <Caret Line="3137" Column="1" TopLine="3123"/>
      </Position12>
      <Position13>
        <Filename Value="view3dscene.pasprogram"/>
        <Caret Line="3151" Column="1" TopLine="3137"/>
      </Position13>
      <Position14>
        <Filename Value="view3dscene.pasprogram"/>
        <Caret Line="3153" Column="1" TopLine="3139"/>
      </Position14>
      <Position15>
        <Filename Value="view3dscene.pasprogram"/>
        <Caret Line="3156" Column="1" TopLine="3142"/>
      </Position15>
      <Position16>
        <Filename Value="view3dscene.pasprogram"/>
        <Caret Line="3157" Column="1" TopLine="3143"/>
      </Position16>
      <Position17>
        <Filename Value="view3dscene.pasprogram"/>
        <Caret Line="3159" Column="1" TopLine="3145"/>
      </Position17>
      <Position18>
        <Filename Value="view3dscene.pasprogram"/>
        <Caret Line="3160" Column="1" TopLine="3146"/>
      </Position18>
      <Position19>
        <Filename Value="view3dscene.pasprogram"/>
        <Caret Line="3161" Column="1" TopLine="3147"/>
      </Position19>
      <Position20>
        <Filename Value="view3dscene.pasprogram"/>
        <Caret Line="3162" Column="1" TopLine="3148"/>
      </Position20>
      <Position21>
        <Filename Value="view3dscene.pasprogram"/>
        <Caret Line="3164" Column="1" TopLine="3150"/>
      </Position21>
      <Position22>
        <Filename Value="view3dscene.pasprogram"/>
        <Caret Line="3165" Column="1" TopLine="3151"/>
      </Position22>
      <Position23>
        <Filename Value="view3dscene.pasprogram"/>
        <Caret Line="3166" Column="1" TopLine="3152"/>
      </Position23>
      <Position24>
        <Filename Value="view3dscene.pasprogram"/>
        <Caret Line="3169" Column="1" TopLine="3155"/>
      </Position24>
      <Position25>
        <Filename Value="view3dscene.pasprogram"/>
        <Caret Line="1407" Column="1" TopLine="1393"/>
      </Position25>
    </JumpHistory>
  </ProjectOptions>
  <CompilerOptions>
    <Version Value="8"/>
    <Parsing>
      <SyntaxOptions>
        <IncludeAssertionCode Value="True"/>
        <CStyleMacros Value="True"/>
        <UseAnsiStrings Value="True"/>
      </SyntaxOptions>
    </Parsing>
    <CodeGeneration>
      <Checks>
        <IOChecks Value="True"/>
        <RangeChecks Value="True"/>
        <OverflowChecks Value="True"/>
        <StackChecks Value="True"/>
      </Checks>
      <Optimizations>
        <OptimizationLevel Value="0"/>
      </Optimizations>
    </CodeGeneration>
    <Linking>
      <Debugging>
        <GenerateDebugInfo Value="True"/>
        <UseHeaptrc Value="True"/>
      </Debugging>
    </Linking>
    <Other>
      <Verbosity>
        <ShowHints Value="False"/>
      </Verbosity>
      <CustomOptions Value="-Sh"/>
      <CompilerPath Value="$(CompPath)"/>
    </Other>
  </CompilerOptions>
  <Debugging>
    <Exceptions Count="4">
      <Item1>
        <Name Value="ECodetoolError"/>
      </Item1>
      <Item2>
        <Name Value="EFOpenError"/>
      </Item2>
      <Item3>
        <Name Value="BreakTryFindNode"/>
      </Item3>
      <Item4>
        <Name Value="BreakIsNodePresent"/>
      </Item4>
    </Exceptions>
  </Debugging>
</CONFIG>
